<?xml version="1.0" encoding="utf-8"?>
<Project ToolsVersion="4.0" xmlns="http://schemas.microsoft.com/developer/msbuild/2003">
  <ItemGroup>
    <Filter Include="Source Files">
      <UniqueIdentifier>{4FC737F1-C7A5-4376-A066-2A32D752A2FF}</UniqueIdentifier>
      <Extensions>cpp;c;cc;cxx;def;odl;idl;hpj;bat;asm;asmx</Extensions>
    </Filter>
    <Filter Include="Resource Files">
      <UniqueIdentifier>{67DA6AB6-F800-4c08-8B7A-83BB121AAD01}</UniqueIdentifier>
      <Extensions>rc;ico;cur;bmp;dlg;rc2;rct;bin;rgs;gif;jpg;jpeg;jpe;resx;tiff;tif;png;wav;mfcribbon-ms</Extensions>
    </Filter>
    <Filter Include="Header Files">
      <UniqueIdentifier>{93995380-89BD-4b04-88EB-625FBE52EBFB}</UniqueIdentifier>
      <Extensions>h;hh;hpp;hxx;hm;inl;inc;ipp;xsd</Extensions>
    </Filter>
    <Filter Include="Header Files\Character">
      <UniqueIdentifier>{9453cc93-1471-4cce-b273-b391a6d57261}</UniqueIdentifier>
    </Filter>
    <Filter Include="Source Files\Character">
      <UniqueIdentifier>{b23ae8a2-e2ac-493a-a7fa-fa31ac50f346}</UniqueIdentifier>
    </Filter>
    <Filter Include="Header Files\Items">
      <UniqueIdentifier>{c9ab8e35-101b-4ca7-b783-97198ec1aad6}</UniqueIdentifier>
    </Filter>
    <Filter Include="Source Files\Items">
      <UniqueIdentifier>{c32214ae-588f-4a19-b0f9-e752a3a9cbe6}</UniqueIdentifier>
    </Filter>
    <Filter Include="Header Files\Utils">
      <UniqueIdentifier>{fb81d230-e2c3-4422-a1d1-ee3fc516401c}</UniqueIdentifier>
    </Filter>
    <Filter Include="Source Files\Utils">
      <UniqueIdentifier>{5f22e787-aef2-42c2-b7fa-865c09afd269}</UniqueIdentifier>
    </Filter>
    <Filter Include="Source Files\game">
      <UniqueIdentifier>{fd7efa95-8b33-4002-b131-2cd5f77f1a1f}</UniqueIdentifier>
    </Filter>
  </ItemGroup>
  <ItemGroup>
    <ClCompile Include="src\character.cpp">
      <Filter>Source Files\Character</Filter>
    </ClCompile>
    <ClCompile Include="include\enemy.cpp">
      <Filter>Source Files\Character</Filter>
    </ClCompile>
    <ClCompile Include="src\armor.cpp">
      <Filter>Source Files\Items</Filter>
    </ClCompile>
    <ClCompile Include="src\spell.cpp">
      <Filter>Source Files\Items</Filter>
    </ClCompile>
    <ClCompile Include="src\consumable.cpp">
      <Filter>Source Files\Items</Filter>
    </ClCompile>
    <ClCompile Include="src\weapon.cpp">
      <Filter>Source Files\Items</Filter>
    </ClCompile>
    <ClCompile Include="src\global_variables.cpp">
      <Filter>Source Files</Filter>
    </ClCompile>
    <ClCompile Include="src\global_functions.cpp">
      <Filter>Source Files</Filter>
    </ClCompile>
    <ClCompile Include="src\item.cpp">
      <Filter>Source Files\Items</Filter>
    </ClCompile>
    <ClCompile Include="src\sound_manager.cpp">
      <Filter>Source Files\Utils</Filter>
    </ClCompile>
    <ClCompile Include="src\console_util.cpp">
      <Filter>Source Files\Utils</Filter>
    </ClCompile>
    <ClCompile Include="src\files_util.cpp">
      <Filter>Source Files\Utils</Filter>
    </ClCompile>
    <ClCompile Include="src\interface_util.cpp">
      <Filter>Source Files\Utils</Filter>
    </ClCompile>
    <ClCompile Include="src\main.cpp">
      <Filter>Source Files</Filter>
    </ClCompile>
    <ClCompile Include="src\game.cpp">
      <Filter>Source Files\game</Filter>
    </ClCompile>
    <ClCompile Include="src\game_inventory.cpp">
      <Filter>Source Files\game</Filter>
    </ClCompile>
    <ClCompile Include="src\game_menus.cpp">
      <Filter>Source Files\game</Filter>
    </ClCompile>
    <ClCompile Include="src\color_util.cpp">
      <Filter>Source Files\Utils</Filter>
    </ClCompile>
  </ItemGroup>
  <ItemGroup>
    <ResourceCompile Include="Project_RPG_Game.rc">
      <Filter>Resource Files</Filter>
    </ResourceCompile>
  </ItemGroup>
  <ItemGroup>
    <Image Include="RPG_game.ico">
      <Filter>Resource Files</Filter>
    </Image>
  </ItemGroup>
  <ItemGroup>
    <ClInclude Include="include\targetver.h">
      <Filter>Header Files</Filter>
    </ClInclude>
    <ClInclude Include="include\enemy.hpp">
      <Filter>Header Files\Character</Filter>
    </ClInclude>
    <ClInclude Include="include\character.hpp">
      <Filter>Header Files\Character</Filter>
    </ClInclude>
    <ClInclude Include="include\game.hpp">
      <Filter>Header Files</Filter>
    </ClInclude>
    <ClInclude Include="include\armor.hpp">
      <Filter>Header Files\Items</Filter>
    </ClInclude>
    <ClInclude Include="include\consumable.hpp">
      <Filter>Header Files\Items</Filter>
    </ClInclude>
    <ClInclude Include="include\spell.hpp">
      <Filter>Header Files\Items</Filter>
    </ClInclude>
    <ClInclude Include="include\item.hpp">
      <Filter>Header Files\Items</Filter>
    </ClInclude>
    <ClInclude Include="include\weapon.hpp">
      <Filter>Header Files\Items</Filter>
    </ClInclude>
    <ClInclude Include="include\global_variables.hpp">
      <Filter>Header Files</Filter>
    </ClInclude>
    <ClInclude Include="include\global_functions.hpp">
      <Filter>Header Files</Filter>
    </ClInclude>
    <ClInclude Include="include\sound_manager.hpp">
      <Filter>Header Files\Utils</Filter>
    </ClInclude>
    <ClInclude Include="include\console_util.hpp">
      <Filter>Header Files\Utils</Filter>
    </ClInclude>
    <ClInclude Include="include\files_util.hpp">
      <Filter>Header Files\Utils</Filter>
    </ClInclude>
    <ClInclude Include="include\interface_util.hpp">
      <Filter>Header Files\Utils</Filter>
    </ClInclude>
    <ClInclude Include="include\exceptions.hpp">
      <Filter>Header Files\Utils</Filter>
    </ClInclude>
    <ClInclude Include="include\color_util.hpp">
      <Filter>Header Files\Utils</Filter>
    </ClInclude>
  </ItemGroup>
</Project>